
Microsoft Visual Studio Solution File, Format Version 12.00
# Visual Studio Version 17
VisualStudioVersion = 17.6.33801.468
MinimumVisualStudioVersion = 10.0.40219.1
Project("{9A19103F-16F7-4668-BE54-9A1E7A4F7556}") = "SchoolSocialMediaApp", "SchoolSocialMediaApp\SchoolSocialMediaApp.csproj", "{6D2C06B2-40AE-41F6-884F-DECF69D7D236}"
EndProject
Project("{9A19103F-16F7-4668-BE54-9A1E7A4F7556}") = "SchoolSocialMediaApp.Core", "SchoolSocialMediaApp.Core\SchoolSocialMediaApp.Core.csproj", "{47901F47-45D7-4AD0-B55B-AF20DBC27EA2}"
EndProject
Project("{9A19103F-16F7-4668-BE54-9A1E7A4F7556}") = "SchoolSocialMediaApp.Infrastructure", "SchoolSocialMediaApp.Infrastructure\SchoolSocialMediaApp.Infrastructure.csproj", "{D601B93E-17D1-4C51-9C1B-B7ABA44ECE7B}"
EndProject
Project("{9A19103F-16F7-4668-BE54-9A1E7A4F7556}") = "SchoolSocialMediaApp.Common", "SchoolSocialMediaApp.Common\SchoolSocialMediaApp.Common.csproj", "{DCBEF9C0-C1CA-4640-9C52-920A700DBB13}"
EndProject
Project("{9A19103F-16F7-4668-BE54-9A1E7A4F7556}") = "SchoolSocialMediaApp.ViewModels", "SchoolSocialMediaApp.ViewModels\SchoolSocialMediaApp.ViewModels.csproj", "{E1D3F167-D2B6-436B-A727-C16F11C3B748}"
EndProject
Global
	GlobalSection(SolutionConfigurationPlatforms) = preSolution
		Debug|Any CPU = Debug|Any CPU
		Release|Any CPU = Release|Any CPU
	EndGlobalSection
	GlobalSection(ProjectConfigurationPlatforms) = postSolution
		{6D2C06B2-40AE-41F6-884F-DECF69D7D236}.Debug|Any CPU.ActiveCfg = Debug|Any CPU
		{6D2C06B2-40AE-41F6-884F-DECF69D7D236}.Debug|Any CPU.Build.0 = Debug|Any CPU
		{6D2C06B2-40AE-41F6-884F-DECF69D7D236}.Release|Any CPU.ActiveCfg = Release|Any CPU
		{6D2C06B2-40AE-41F6-884F-DECF69D7D236}.Release|Any CPU.Build.0 = Release|Any CPU
		{47901F47-45D7-4AD0-B55B-AF20DBC27EA2}.Debug|Any CPU.ActiveCfg = Debug|Any CPU
		{47901F47-45D7-4AD0-B55B-AF20DBC27EA2}.Debug|Any CPU.Build.0 = Debug|Any CPU
		{47901F47-45D7-4AD0-B55B-AF20DBC27EA2}.Release|Any CPU.ActiveCfg = Release|Any CPU
		{47901F47-45D7-4AD0-B55B-AF20DBC27EA2}.Release|Any CPU.Build.0 = Release|Any CPU
		{D601B93E-17D1-4C51-9C1B-B7ABA44ECE7B}.Debug|Any CPU.ActiveCfg = Debug|Any CPU
		{D601B93E-17D1-4C51-9C1B-B7ABA44ECE7B}.Debug|Any CPU.Build.0 = Debug|Any CPU
		{D601B93E-17D1-4C51-9C1B-B7ABA44ECE7B}.Release|Any CPU.ActiveCfg = Release|Any CPU
		{D601B93E-17D1-4C51-9C1B-B7ABA44ECE7B}.Release|Any CPU.Build.0 = Release|Any CPU
		{DCBEF9C0-C1CA-4640-9C52-920A700DBB13}.Debug|Any CPU.ActiveCfg = Debug|Any CPU
		{DCBEF9C0-C1CA-4640-9C52-920A700DBB13}.Debug|Any CPU.Build.0 = Debug|Any CPU
		{DCBEF9C0-C1CA-4640-9C52-920A700DBB13}.Release|Any CPU.ActiveCfg = Release|Any CPU
		{DCBEF9C0-C1CA-4640-9C52-920A700DBB13}.Release|Any CPU.Build.0 = Release|Any CPU
		{E1D3F167-D2B6-436B-A727-C16F11C3B748}.Debug|Any CPU.ActiveCfg = Debug|Any CPU
		{E1D3F167-D2B6-436B-A727-C16F11C3B748}.Debug|Any CPU.Build.0 = Debug|Any CPU
		{E1D3F167-D2B6-436B-A727-C16F11C3B748}.Release|Any CPU.ActiveCfg = Release|Any CPU
		{E1D3F167-D2B6-436B-A727-C16F11C3B748}.Release|Any CPU.Build.0 = Release|Any CPU
	EndGlobalSection
	GlobalSection(SolutionProperties) = preSolution
		HideSolutionNode = FALSE
	EndGlobalSection
	GlobalSection(ExtensibilityGlobals) = postSolution
		SolutionGuid = {CA7E2D40-54E7-4F14-9F6E-7180045F42C9}
	EndGlobalSection
EndGlobal
